
Microsoft Visual Studio Solution File, Format Version 12.00
# Visual Studio Version 16
VisualStudioVersion = 16.0.32901.82
MinimumVisualStudioVersion = 10.0.40219.1
Project("{FAE04EC0-301F-11D3-BF4B-00C04F79EFBC}") = "NewClinic", "NewClinic\NewClinic.csproj", "{734221DC-ABF6-4665-BD50-FC9CF42F80A7}"
EndProject
Project("{FAE04EC0-301F-11D3-BF4B-00C04F79EFBC}") = "inventory", "Other Form\inventory\inventory\inventory.csproj", "{C7651A3B-4A6F-4655-9252-5A861FDA7F07}"
EndProject
Global
	GlobalSection(SolutionConfigurationPlatforms) = preSolution
		Debug|Any CPU = Debug|Any CPU
		Release|Any CPU = Release|Any CPU
	EndGlobalSection
	GlobalSection(ProjectConfigurationPlatforms) = postSolution
		{734221DC-ABF6-4665-BD50-FC9CF42F80A7}.Debug|Any CPU.ActiveCfg = Debug|Any CPU
		{734221DC-ABF6-4665-BD50-FC9CF42F80A7}.Debug|Any CPU.Build.0 = Debug|Any CPU
		{734221DC-ABF6-4665-BD50-FC9CF42F80A7}.Release|Any CPU.ActiveCfg = Release|Any CPU
		{734221DC-ABF6-4665-BD50-FC9CF42F80A7}.Release|Any CPU.Build.0 = Release|Any CPU
		{C7651A3B-4A6F-4655-9252-5A861FDA7F07}.Debug|Any CPU.ActiveCfg = Debug|Any CPU
		{C7651A3B-4A6F-4655-9252-5A861FDA7F07}.Debug|Any CPU.Build.0 = Debug|Any CPU
		{C7651A3B-4A6F-4655-9252-5A861FDA7F07}.Release|Any CPU.ActiveCfg = Release|Any CPU
		{C7651A3B-4A6F-4655-9252-5A861FDA7F07}.Release|Any CPU.Build.0 = Release|Any CPU
	EndGlobalSection
	GlobalSection(SolutionProperties) = preSolution
		HideSolutionNode = FALSE
	EndGlobalSection
	GlobalSection(ExtensibilityGlobals) = postSolution
		SolutionGuid = {A62D13E4-7E93-4128-BE94-BECB11BCA963}
	EndGlobalSection
EndGlobal
